{
	"name": "pinus-sample-websocket-chat-web-server-ts-run",
	"version": "1.4.10",
	"lockfileVersion": 2,
	"requires": true,
	"packages": {
		"": {
			"name": "pinus-sample-websocket-chat-web-server-ts-run",
			"version": "1.4.10",
			"dependencies": {
				"@ailhc/enet": "^1.1.0",
				"@ailhc/enet-pinus-pb": "^0.0.2",
				"express": "3.4.0"
			}
		},
		"node_modules/@ailhc/enet": {
			"version": "1.1.0",
			"resolved": "https://registry.npm.taobao.org/@ailhc/enet/download/@ailhc/enet-1.1.0.tgz",
			"integrity": "sha1-GWTVgrB5EUWGjU0b6lR7YFfYegI="
		},
		"node_modules/@ailhc/enet-pinus-pb": {
			"version": "0.0.2",
			"resolved": "http://localhost:4873/@ailhc%2fenet-pinus-pb/-/enet-pinus-pb-0.0.2.tgz",
			"integrity": "sha512-aJZ5PBYx8LwFNNiUJyoFQyl3u0bDo9S6fcWtO69HRDQK886fXeaWQpkPU5sQcz4I8spQZgRoa3geaaCnu2AIEA==",
			"license": "MIT"
		},
		"node_modules/buffer-crc32": {
			"version": "0.2.1",
			"resolved": "https://registry.npm.taobao.org/buffer-crc32/download/buffer-crc32-0.2.1.tgz",
			"integrity": "sha1-vj5TgvwCttYySVasGvmKqYsIU0w=",
			"engines": {
				"node": "*"
			}
		},
		"node_modules/bytes": {
			"version": "0.2.0",
			"resolved": "https://registry.npm.taobao.org/bytes/download/bytes-0.2.0.tgz",
			"integrity": "sha1-qtM+wU49wsp06OfUUfm6BTrU96A="
		},
		"node_modules/commander": {
			"version": "1.2.0",
			"resolved": "https://registry.npm.taobao.org/commander/download/commander-1.2.0.tgz?cache=0&sync_timestamp=1613374024216&other_urls=https%3A%2F%2Fregistry.npm.taobao.org%2Fcommander%2Fdownload%2Fcommander-1.2.0.tgz",
			"integrity": "sha1-/VcTv6FTx9bMWZN4patMRcU1Ap4=",
			"dependencies": {
				"keypress": "0.1.x"
			},
			"engines": {
				"node": ">= 0.6.x"
			}
		},
		"node_modules/connect": {
			"version": "2.9.0",
			"resolved": "https://registry.npm.taobao.org/connect/download/connect-2.9.0.tgz",
			"integrity": "sha1-7PR4tvJyPnLPmhnRx9GdCze1N0Y=",
			"deprecated": "connect 2.x series is deprecated",
			"dependencies": {
				"buffer-crc32": "0.2.1",
				"bytes": "0.2.0",
				"cookie": "0.1.0",
				"cookie-signature": "1.0.1",
				"debug": "*",
				"fresh": "0.2.0",
				"methods": "0.0.1",
				"multiparty": "2.1.8",
				"pause": "0.0.1",
				"qs": "0.6.5",
				"send": "0.1.4",
				"uid2": "0.0.2"
			},
			"engines": {
				"node": ">= 0.8.0"
			}
		},
		"node_modules/cookie": {
			"version": "0.1.0",
			"resolved": "https://registry.npm.taobao.org/cookie/download/cookie-0.1.0.tgz?cache=0&sync_timestamp=1587525865178&other_urls=https%3A%2F%2Fregistry.npm.taobao.org%2Fcookie%2Fdownload%2Fcookie-0.1.0.tgz",
			"integrity": "sha1-kOtGndzpBchm3mh+/EMTHYgB+dA=",
			"engines": {
				"node": "*"
			}
		},
		"node_modules/cookie-signature": {
			"version": "1.0.1",
			"resolved": "https://registry.npm.taobao.org/cookie-signature/download/cookie-signature-1.0.1.tgz",
			"integrity": "sha1-ROByFIrwHm6OJK+/EmkNaK5pjss="
		},
		"node_modules/core-util-is": {
			"version": "1.0.2",
			"resolved": "https://registry.npm.taobao.org/core-util-is/download/core-util-is-1.0.2.tgz",
			"integrity": "sha1-tf1UIgqivFq1eqtxQMlAdUUDwac="
		},
		"node_modules/debug": {
			"version": "4.3.1",
			"resolved": "https://registry.npm.taobao.org/debug/download/debug-4.3.1.tgz?cache=0&sync_timestamp=1607566533140&other_urls=https%3A%2F%2Fregistry.npm.taobao.org%2Fdebug%2Fdownload%2Fdebug-4.3.1.tgz",
			"integrity": "sha1-8NIpxQXgxtjEmsVT0bE9wYP2su4=",
			"dependencies": {
				"ms": "2.1.2"
			},
			"engines": {
				"node": ">=6.0"
			}
		},
		"node_modules/express": {
			"version": "3.4.0",
			"resolved": "https://registry.npm.taobao.org/express/download/express-3.4.0.tgz?cache=0&other_urls=https%3A%2F%2Fregistry.npm.taobao.org%2Fexpress%2Fdownload%2Fexpress-3.4.0.tgz",
			"integrity": "sha1-btKJ2g1fVawwmXz4MuX8NveEBx4=",
			"dependencies": {
				"buffer-crc32": "0.2.1",
				"commander": "1.2.0",
				"connect": "2.9.0",
				"cookie": "0.1.0",
				"cookie-signature": "1.0.1",
				"debug": "*",
				"fresh": "0.2.0",
				"methods": "0.0.1",
				"mkdirp": "0.3.5",
				"range-parser": "0.0.4",
				"send": "0.1.4"
			},
			"bin": {
				"express": "bin/express"
			},
			"engines": {
				"node": "*"
			}
		},
		"node_modules/fresh": {
			"version": "0.2.0",
			"resolved": "https://registry.npm.taobao.org/fresh/download/fresh-0.2.0.tgz",
			"integrity": "sha1-v9lALPPfEsSkwxDHn5mj3eE9NKc="
		},
		"node_modules/inherits": {
			"version": "2.0.4",
			"resolved": "https://registry.npm.taobao.org/inherits/download/inherits-2.0.4.tgz",
			"integrity": "sha1-D6LGT5MpF8NDOg3tVTY6rjdBa3w="
		},
		"node_modules/isarray": {
			"version": "0.0.1",
			"resolved": "https://registry.npm.taobao.org/isarray/download/isarray-0.0.1.tgz?cache=0&sync_timestamp=1562592096220&other_urls=https%3A%2F%2Fregistry.npm.taobao.org%2Fisarray%2Fdownload%2Fisarray-0.0.1.tgz",
			"integrity": "sha1-ihis/Kmo9Bd+Cav8YDiTmwXR7t8="
		},
		"node_modules/keypress": {
			"version": "0.1.0",
			"resolved": "https://registry.npm.taobao.org/keypress/download/keypress-0.1.0.tgz",
			"integrity": "sha1-SjGI1CkbZrT2XtuZ+AaqmuKTWSo="
		},
		"node_modules/methods": {
			"version": "0.0.1",
			"resolved": "https://registry.npm.taobao.org/methods/download/methods-0.0.1.tgz",
			"integrity": "sha1-J3yQ+L7zlwlkWoNxxRw7bGSOBow="
		},
		"node_modules/mime": {
			"version": "1.2.11",
			"resolved": "https://registry.npm.taobao.org/mime/download/mime-1.2.11.tgz?cache=0&sync_timestamp=1610756358369&other_urls=https%3A%2F%2Fregistry.npm.taobao.org%2Fmime%2Fdownload%2Fmime-1.2.11.tgz",
			"integrity": "sha1-WCA+7Ybjpe8XrtK32evUfwpg3RA="
		},
		"node_modules/mkdirp": {
			"version": "0.3.5",
			"resolved": "https://registry.npm.taobao.org/mkdirp/download/mkdirp-0.3.5.tgz?cache=0&sync_timestamp=1587535418745&other_urls=https%3A%2F%2Fregistry.npm.taobao.org%2Fmkdirp%2Fdownload%2Fmkdirp-0.3.5.tgz",
			"integrity": "sha1-3j5fiWHIjHh+4TaN+EmsRBPsqNc=",
			"deprecated": "Legacy versions of mkdirp are no longer supported. Please update to mkdirp 1.x. (Note that the API surface has changed to use Promises in 1.x.)"
		},
		"node_modules/ms": {
			"version": "2.1.2",
			"resolved": "https://registry.npm.taobao.org/ms/download/ms-2.1.2.tgz?cache=0&sync_timestamp=1607433842694&other_urls=https%3A%2F%2Fregistry.npm.taobao.org%2Fms%2Fdownload%2Fms-2.1.2.tgz",
			"integrity": "sha1-0J0fNXtEP0kzgqjrPM0YOHKuYAk="
		},
		"node_modules/multiparty": {
			"version": "2.1.8",
			"resolved": "https://registry.npm.taobao.org/multiparty/download/multiparty-2.1.8.tgz",
			"integrity": "sha1-NaMYNDI1eO5l9dhwVoCXkUc5z04=",
			"dependencies": {
				"readable-stream": "~1.0.2",
				"stream-counter": "~0.1.0"
			},
			"engines": {
				"node": ">=0.8.0"
			}
		},
		"node_modules/pause": {
			"version": "0.0.1",
			"resolved": "https://registry.npm.taobao.org/pause/download/pause-0.0.1.tgz",
			"integrity": "sha1-HUCLP9t2kjuVQ9lvtMnf1TXZy10="
		},
		"node_modules/qs": {
			"version": "0.6.5",
			"resolved": "https://registry.npm.taobao.org/qs/download/qs-0.6.5.tgz?cache=0&sync_timestamp=1610598235973&other_urls=https%3A%2F%2Fregistry.npm.taobao.org%2Fqs%2Fdownload%2Fqs-0.6.5.tgz",
			"integrity": "sha1-KUsmjksNQlD23eGbO4s0k13/FO8=",
			"engines": {
				"node": "*"
			}
		},
		"node_modules/range-parser": {
			"version": "0.0.4",
			"resolved": "https://registry.npm.taobao.org/range-parser/download/range-parser-0.0.4.tgz",
			"integrity": "sha1-wEJ//vUcEKy6B4KkbJYC50T/Ygs=",
			"engines": {
				"node": "*"
			}
		},
		"node_modules/readable-stream": {
			"version": "1.0.34",
			"resolved": "https://registry.npm.taobao.org/readable-stream/download/readable-stream-1.0.34.tgz?cache=0&sync_timestamp=1581624324274&other_urls=https%3A%2F%2Fregistry.npm.taobao.org%2Freadable-stream%2Fdownload%2Freadable-stream-1.0.34.tgz",
			"integrity": "sha1-Elgg40vIQtLyqq+v5MKRbuMsFXw=",
			"dependencies": {
				"core-util-is": "~1.0.0",
				"inherits": "~2.0.1",
				"isarray": "0.0.1",
				"string_decoder": "~0.10.x"
			}
		},
		"node_modules/send": {
			"version": "0.1.4",
			"resolved": "https://registry.npm.taobao.org/send/download/send-0.1.4.tgz",
			"integrity": "sha1-vnDY0b4B3mGCGvE3gLUDRaT3Gr0=",
			"dependencies": {
				"debug": "*",
				"fresh": "0.2.0",
				"mime": "~1.2.9",
				"range-parser": "0.0.4"
			}
		},
		"node_modules/stream-counter": {
			"version": "0.1.0",
			"resolved": "https://registry.npm.taobao.org/stream-counter/download/stream-counter-0.1.0.tgz",
			"integrity": "sha1-oDXkKTYftX82Fgbhf82Ki5Z3Mns=",
			"dependencies": {
				"readable-stream": "~1.0.2"
			},
			"engines": {
				"node": ">=0.8.0"
			}
		},
		"node_modules/string_decoder": {
			"version": "0.10.31",
			"resolved": "https://registry.npm.taobao.org/string_decoder/download/string_decoder-0.10.31.tgz?cache=0&sync_timestamp=1565170823020&other_urls=https%3A%2F%2Fregistry.npm.taobao.org%2Fstring_decoder%2Fdownload%2Fstring_decoder-0.10.31.tgz",
			"integrity": "sha1-YuIDvEF2bGwoyfyEMB2rHFMQ+pQ="
		},
		"node_modules/uid2": {
			"version": "0.0.2",
			"resolved": "https://registry.npm.taobao.org/uid2/download/uid2-0.0.2.tgz",
			"integrity": "sha1-EH+xVcgsETZiB5ftTIjPKwj2qrg="
		}
	},
	"dependencies": {
		"@ailhc/enet": {
			"version": "1.1.0",
			"resolved": "https://registry.npm.taobao.org/@ailhc/enet/download/@ailhc/enet-1.1.0.tgz",
			"integrity": "sha1-GWTVgrB5EUWGjU0b6lR7YFfYegI="
		},
		"@ailhc/enet-pinus-pb": {
			"version": "0.0.2",
			"resolved": "http://localhost:4873/@ailhc%2fenet-pinus-pb/-/enet-pinus-pb-0.0.2.tgz",
			"integrity": "sha512-aJZ5PBYx8LwFNNiUJyoFQyl3u0bDo9S6fcWtO69HRDQK886fXeaWQpkPU5sQcz4I8spQZgRoa3geaaCnu2AIEA=="
		},
		"buffer-crc32": {
			"version": "0.2.1",
			"resolved": "https://registry.npm.taobao.org/buffer-crc32/download/buffer-crc32-0.2.1.tgz",
			"integrity": "sha1-vj5TgvwCttYySVasGvmKqYsIU0w="
		},
		"bytes": {
			"version": "0.2.0",
			"resolved": "https://registry.npm.taobao.org/bytes/download/bytes-0.2.0.tgz",
			"integrity": "sha1-qtM+wU49wsp06OfUUfm6BTrU96A="
		},
		"commander": {
			"version": "1.2.0",
			"resolved": "https://registry.npm.taobao.org/commander/download/commander-1.2.0.tgz?cache=0&sync_timestamp=1613374024216&other_urls=https%3A%2F%2Fregistry.npm.taobao.org%2Fcommander%2Fdownload%2Fcommander-1.2.0.tgz",
			"integrity": "sha1-/VcTv6FTx9bMWZN4patMRcU1Ap4=",
			"requires": {
				"keypress": "0.1.x"
			}
		},
		"connect": {
			"version": "2.9.0",
			"resolved": "https://registry.npm.taobao.org/connect/download/connect-2.9.0.tgz",
			"integrity": "sha1-7PR4tvJyPnLPmhnRx9GdCze1N0Y=",
			"requires": {
				"buffer-crc32": "0.2.1",
				"bytes": "0.2.0",
				"cookie": "0.1.0",
				"cookie-signature": "1.0.1",
				"debug": "*",
				"fresh": "0.2.0",
				"methods": "0.0.1",
				"multiparty": "2.1.8",
				"pause": "0.0.1",
				"qs": "0.6.5",
				"send": "0.1.4",
				"uid2": "0.0.2"
			}
		},
		"cookie": {
			"version": "0.1.0",
			"resolved": "https://registry.npm.taobao.org/cookie/download/cookie-0.1.0.tgz?cache=0&sync_timestamp=1587525865178&other_urls=https%3A%2F%2Fregistry.npm.taobao.org%2Fcookie%2Fdownload%2Fcookie-0.1.0.tgz",
			"integrity": "sha1-kOtGndzpBchm3mh+/EMTHYgB+dA="
		},
		"cookie-signature": {
			"version": "1.0.1",
			"resolved": "https://registry.npm.taobao.org/cookie-signature/download/cookie-signature-1.0.1.tgz",
			"integrity": "sha1-ROByFIrwHm6OJK+/EmkNaK5pjss="
		},
		"core-util-is": {
			"version": "1.0.2",
			"resolved": "https://registry.npm.taobao.org/core-util-is/download/core-util-is-1.0.2.tgz",
			"integrity": "sha1-tf1UIgqivFq1eqtxQMlAdUUDwac="
		},
		"debug": {
			"version": "4.3.1",
			"resolved": "https://registry.npm.taobao.org/debug/download/debug-4.3.1.tgz?cache=0&sync_timestamp=1607566533140&other_urls=https%3A%2F%2Fregistry.npm.taobao.org%2Fdebug%2Fdownload%2Fdebug-4.3.1.tgz",
			"integrity": "sha1-8NIpxQXgxtjEmsVT0bE9wYP2su4=",
			"requires": {
				"ms": "2.1.2"
			}
		},
		"express": {
			"version": "3.4.0",
			"resolved": "https://registry.npm.taobao.org/express/download/express-3.4.0.tgz?cache=0&other_urls=https%3A%2F%2Fregistry.npm.taobao.org%2Fexpress%2Fdownload%2Fexpress-3.4.0.tgz",
			"integrity": "sha1-btKJ2g1fVawwmXz4MuX8NveEBx4=",
			"requires": {
				"buffer-crc32": "0.2.1",
				"commander": "1.2.0",
				"connect": "2.9.0",
				"cookie": "0.1.0",
				"cookie-signature": "1.0.1",
				"debug": "*",
				"fresh": "0.2.0",
				"methods": "0.0.1",
				"mkdirp": "0.3.5",
				"range-parser": "0.0.4",
				"send": "0.1.4"
			}
		},
		"fresh": {
			"version": "0.2.0",
			"resolved": "https://registry.npm.taobao.org/fresh/download/fresh-0.2.0.tgz",
			"integrity": "sha1-v9lALPPfEsSkwxDHn5mj3eE9NKc="
		},
		"inherits": {
			"version": "2.0.4",
			"resolved": "https://registry.npm.taobao.org/inherits/download/inherits-2.0.4.tgz",
			"integrity": "sha1-D6LGT5MpF8NDOg3tVTY6rjdBa3w="
		},
		"isarray": {
			"version": "0.0.1",
			"resolved": "https://registry.npm.taobao.org/isarray/download/isarray-0.0.1.tgz?cache=0&sync_timestamp=1562592096220&other_urls=https%3A%2F%2Fregistry.npm.taobao.org%2Fisarray%2Fdownload%2Fisarray-0.0.1.tgz",
			"integrity": "sha1-ihis/Kmo9Bd+Cav8YDiTmwXR7t8="
		},
		"keypress": {
			"version": "0.1.0",
			"resolved": "https://registry.npm.taobao.org/keypress/download/keypress-0.1.0.tgz",
			"integrity": "sha1-SjGI1CkbZrT2XtuZ+AaqmuKTWSo="
		},
		"methods": {
			"version": "0.0.1",
			"resolved": "https://registry.npm.taobao.org/methods/download/methods-0.0.1.tgz",
			"integrity": "sha1-J3yQ+L7zlwlkWoNxxRw7bGSOBow="
		},
		"mime": {
			"version": "1.2.11",
			"resolved": "https://registry.npm.taobao.org/mime/download/mime-1.2.11.tgz?cache=0&sync_timestamp=1610756358369&other_urls=https%3A%2F%2Fregistry.npm.taobao.org%2Fmime%2Fdownload%2Fmime-1.2.11.tgz",
			"integrity": "sha1-WCA+7Ybjpe8XrtK32evUfwpg3RA="
		},
		"mkdirp": {
			"version": "0.3.5",
			"resolved": "https://registry.npm.taobao.org/mkdirp/download/mkdirp-0.3.5.tgz?cache=0&sync_timestamp=1587535418745&other_urls=https%3A%2F%2Fregistry.npm.taobao.org%2Fmkdirp%2Fdownload%2Fmkdirp-0.3.5.tgz",
			"integrity": "sha1-3j5fiWHIjHh+4TaN+EmsRBPsqNc="
		},
		"ms": {
			"version": "2.1.2",
			"resolved": "https://registry.npm.taobao.org/ms/download/ms-2.1.2.tgz?cache=0&sync_timestamp=1607433842694&other_urls=https%3A%2F%2Fregistry.npm.taobao.org%2Fms%2Fdownload%2Fms-2.1.2.tgz",
			"integrity": "sha1-0J0fNXtEP0kzgqjrPM0YOHKuYAk="
		},
		"multiparty": {
			"version": "2.1.8",
			"resolved": "https://registry.npm.taobao.org/multiparty/download/multiparty-2.1.8.tgz",
			"integrity": "sha1-NaMYNDI1eO5l9dhwVoCXkUc5z04=",
			"requires": {
				"readable-stream": "~1.0.2",
				"stream-counter": "~0.1.0"
			}
		},
		"pause": {
			"version": "0.0.1",
			"resolved": "https://registry.npm.taobao.org/pause/download/pause-0.0.1.tgz",
			"integrity": "sha1-HUCLP9t2kjuVQ9lvtMnf1TXZy10="
		},
		"qs": {
			"version": "0.6.5",
			"resolved": "https://registry.npm.taobao.org/qs/download/qs-0.6.5.tgz?cache=0&sync_timestamp=1610598235973&other_urls=https%3A%2F%2Fregistry.npm.taobao.org%2Fqs%2Fdownload%2Fqs-0.6.5.tgz",
			"integrity": "sha1-KUsmjksNQlD23eGbO4s0k13/FO8="
		},
		"range-parser": {
			"version": "0.0.4",
			"resolved": "https://registry.npm.taobao.org/range-parser/download/range-parser-0.0.4.tgz",
			"integrity": "sha1-wEJ//vUcEKy6B4KkbJYC50T/Ygs="
		},
		"readable-stream": {
			"version": "1.0.34",
			"resolved": "https://registry.npm.taobao.org/readable-stream/download/readable-stream-1.0.34.tgz?cache=0&sync_timestamp=1581624324274&other_urls=https%3A%2F%2Fregistry.npm.taobao.org%2Freadable-stream%2Fdownload%2Freadable-stream-1.0.34.tgz",
			"integrity": "sha1-Elgg40vIQtLyqq+v5MKRbuMsFXw=",
			"requires": {
				"core-util-is": "~1.0.0",
				"inherits": "~2.0.1",
				"isarray": "0.0.1",
				"string_decoder": "~0.10.x"
			}
		},
		"send": {
			"version": "0.1.4",
			"resolved": "https://registry.npm.taobao.org/send/download/send-0.1.4.tgz",
			"integrity": "sha1-vnDY0b4B3mGCGvE3gLUDRaT3Gr0=",
			"requires": {
				"debug": "*",
				"fresh": "0.2.0",
				"mime": "~1.2.9",
				"range-parser": "0.0.4"
			}
		},
		"stream-counter": {
			"version": "0.1.0",
			"resolved": "https://registry.npm.taobao.org/stream-counter/download/stream-counter-0.1.0.tgz",
			"integrity": "sha1-oDXkKTYftX82Fgbhf82Ki5Z3Mns=",
			"requires": {
				"readable-stream": "~1.0.2"
			}
		},
		"string_decoder": {
			"version": "0.10.31",
			"resolved": "https://registry.npm.taobao.org/string_decoder/download/string_decoder-0.10.31.tgz?cache=0&sync_timestamp=1565170823020&other_urls=https%3A%2F%2Fregistry.npm.taobao.org%2Fstring_decoder%2Fdownload%2Fstring_decoder-0.10.31.tgz",
			"integrity": "sha1-YuIDvEF2bGwoyfyEMB2rHFMQ+pQ="
		},
		"uid2": {
			"version": "0.0.2",
			"resolved": "https://registry.npm.taobao.org/uid2/download/uid2-0.0.2.tgz",
			"integrity": "sha1-EH+xVcgsETZiB5ftTIjPKwj2qrg="
		}
	}
}
