{
  "name": "@ailhc/excel2all",
  "version": "0.3.1",
  "lockfileVersion": 1,
  "requires": true,
  "dependencies": {
    "@types/braces": {
      "version": "3.0.1",
      "resolved": "https://registry.nlark.com/@types/braces/download/@types/braces-3.0.1.tgz?cache=0&sync_timestamp=1625596128365&other_urls=https%3A%2F%2Fregistry.nlark.com%2F%40types%2Fbraces%2Fdownload%2F%40types%2Fbraces-3.0.1.tgz",
      "integrity": "sha1-WihNGTz8Yauy5aUNNuu8UNlCoys="
    },
    "@types/fs-extra": {
      "version": "9.0.12",
      "resolved": "https://registry.nlark.com/@types/fs-extra/download/@types/fs-extra-9.0.12.tgz?cache=0&sync_timestamp=1625605304928&other_urls=https%3A%2F%2Fregistry.nlark.com%2F%40types%2Ffs-extra%2Fdownload%2F%40types%2Ffs-extra-9.0.12.tgz",
      "integrity": "sha1-m48nlz34p6OSDoRhUX6/in1P368=",
      "requires": {
        "@types/node": "*"
      }
    },
    "@types/micromatch": {
      "version": "4.0.2",
      "resolved": "https://registry.nlark.com/@types/micromatch/download/@types/micromatch-4.0.2.tgz",
      "integrity": "sha1-zinIsWanO/mApXJ7HkpNCZllFR0=",
      "requires": {
        "@types/braces": "*"
      }
    },
    "@types/node": {
      "version": "14.17.4",
      "resolved": "https://registry.nlark.com/@types/node/download/@types/node-14.17.4.tgz",
      "integrity": "sha1-IYcSJCRG/IaNDgB68ppECMd2W8A="
    },
    "adler-32": {
      "version": "1.2.0",
      "resolved": "https://registry.nlark.com/adler-32/download/adler-32-1.2.0.tgz",
      "integrity": "sha1-aj5r8KY5ALoVZSgIyxXGgT0aXyU=",
      "requires": {
        "exit-on-epipe": "~1.0.1",
        "printj": "~1.1.0"
      }
    },
    "arg": {
      "version": "4.1.3",
      "resolved": "https://registry.npm.taobao.org/arg/download/arg-4.1.3.tgz?cache=0&sync_timestamp=1605574972657&other_urls=https%3A%2F%2Fregistry.npm.taobao.org%2Farg%2Fdownload%2Farg-4.1.3.tgz",
      "integrity": "sha1-Jp/HrVuOQstjyJbVZmAXJhwUQIk=",
      "dev": true
    },
    "at-least-node": {
      "version": "1.0.0",
      "resolved": "https://registry.npm.taobao.org/at-least-node/download/at-least-node-1.0.0.tgz",
      "integrity": "sha1-YCzUtG6EStTv/JKoARo8RuAjjcI="
    },
    "braces": {
      "version": "3.0.2",
      "resolved": "https://registry.npm.taobao.org/braces/download/braces-3.0.2.tgz",
      "integrity": "sha1-NFThpGLujVmeI23zNs2epPiv4Qc=",
      "requires": {
        "fill-range": "^7.0.1"
      }
    },
    "buffer-from": {
      "version": "1.1.1",
      "resolved": "https://registry.npm.taobao.org/buffer-from/download/buffer-from-1.1.1.tgz",
      "integrity": "sha1-MnE7wCj3XAL9txDXx7zsHyxgcO8=",
      "dev": true
    },
    "cfb": {
      "version": "1.2.0",
      "resolved": "https://registry.npm.taobao.org/cfb/download/cfb-1.2.0.tgz",
      "integrity": "sha1-ak0IcrUl7WA0nh71H7Swv3Psqag=",
      "requires": {
        "adler-32": "~1.2.0",
        "crc-32": "~1.2.0",
        "printj": "~1.1.2"
      }
    },
    "codepage": {
      "version": "1.14.0",
      "resolved": "https://registry.npm.taobao.org/codepage/download/codepage-1.14.0.tgz",
      "integrity": "sha1-jL4lSBMjVZ19MHVxsP/5HnodL5k=",
      "requires": {
        "commander": "~2.14.1",
        "exit-on-epipe": "~1.0.1"
      },
      "dependencies": {
        "commander": {
          "version": "2.14.1",
          "resolved": "https://registry.nlark.com/commander/download/commander-2.14.1.tgz?cache=0&sync_timestamp=1624609539421&other_urls=https%3A%2F%2Fregistry.nlark.com%2Fcommander%2Fdownload%2Fcommander-2.14.1.tgz",
          "integrity": "sha1-IjUSPjevjKPGXfRbAm29NXsBuao="
        }
      }
    },
    "commander": {
      "version": "2.17.1",
      "resolved": "https://registry.nlark.com/commander/download/commander-2.17.1.tgz?cache=0&sync_timestamp=1624609539421&other_urls=https%3A%2F%2Fregistry.nlark.com%2Fcommander%2Fdownload%2Fcommander-2.17.1.tgz",
      "integrity": "sha1-vXerfebelCBc6sxy8XFtKfIKd78="
    },
    "crc-32": {
      "version": "1.2.0",
      "resolved": "https://registry.npm.taobao.org/crc-32/download/crc-32-1.2.0.tgz",
      "integrity": "sha1-yy224puIUI4y2d0OwWk+e0Ghggg=",
      "requires": {
        "exit-on-epipe": "~1.0.1",
        "printj": "~1.1.0"
      }
    },
    "create-require": {
      "version": "1.1.1",
      "resolved": "https://registry.npm.taobao.org/create-require/download/create-require-1.1.1.tgz",
      "integrity": "sha1-wdfo8eX2z8n/ZfnNNS03NIdWwzM=",
      "dev": true
    },
    "diff": {
      "version": "4.0.2",
      "resolved": "https://registry.npm.taobao.org/diff/download/diff-4.0.2.tgz?cache=0&sync_timestamp=1604803664325&other_urls=https%3A%2F%2Fregistry.npm.taobao.org%2Fdiff%2Fdownload%2Fdiff-4.0.2.tgz",
      "integrity": "sha1-YPOuy4nV+uUgwRqhnvwruYKq3n0=",
      "dev": true
    },
    "exit-on-epipe": {
      "version": "1.0.1",
      "resolved": "https://registry.npm.taobao.org/exit-on-epipe/download/exit-on-epipe-1.0.1.tgz",
      "integrity": "sha1-C92S6H1ShdJn2qgXHQ6wYVlolpI="
    },
    "fflate": {
      "version": "0.3.11",
      "resolved": "https://registry.nlark.com/fflate/download/fflate-0.3.11.tgz",
      "integrity": "sha1-LEQNcYD964GeZImNiFivMnsEKl0="
    },
    "fill-range": {
      "version": "7.0.1",
      "resolved": "https://registry.npm.taobao.org/fill-range/download/fill-range-7.0.1.tgz",
      "integrity": "sha1-GRmmp8df44ssfHflGYU12prN2kA=",
      "requires": {
        "to-regex-range": "^5.0.1"
      }
    },
    "frac": {
      "version": "1.1.2",
      "resolved": "https://registry.nlark.com/frac/download/frac-1.1.2.tgz",
      "integrity": "sha1-PXT39keMiKG1AgMG10fcYxPHTQs="
    },
    "fs-extra": {
      "version": "9.1.0",
      "resolved": "https://registry.nlark.com/fs-extra/download/fs-extra-9.1.0.tgz",
      "integrity": "sha1-WVRGDHZKjaIJS6NVS/g55rmnyG0=",
      "requires": {
        "at-least-node": "^1.0.0",
        "graceful-fs": "^4.2.0",
        "jsonfile": "^6.0.1",
        "universalify": "^2.0.0"
      }
    },
    "graceful-fs": {
      "version": "4.2.6",
      "resolved": "https://registry.npm.taobao.org/graceful-fs/download/graceful-fs-4.2.6.tgz",
      "integrity": "sha1-/wQLKwhTsjw9MQJ1I3BvGIXXa+4="
    },
    "is-number": {
      "version": "7.0.0",
      "resolved": "https://registry.npm.taobao.org/is-number/download/is-number-7.0.0.tgz",
      "integrity": "sha1-dTU0W4lnNNX4DE0GxQlVUnoU8Ss="
    },
    "js-base64": {
      "version": "3.6.1",
      "resolved": "https://registry.nlark.com/js-base64/download/js-base64-3.6.1.tgz?cache=0&other_urls=https%3A%2F%2Fregistry.nlark.com%2Fjs-base64%2Fdownload%2Fjs-base64-3.6.1.tgz",
      "integrity": "sha1-VVquOYt0aUtAN68filpiCdFw774="
    },
    "jsonfile": {
      "version": "6.1.0",
      "resolved": "https://registry.npm.taobao.org/jsonfile/download/jsonfile-6.1.0.tgz?cache=0&sync_timestamp=1604161797011&other_urls=https%3A%2F%2Fregistry.npm.taobao.org%2Fjsonfile%2Fdownload%2Fjsonfile-6.1.0.tgz",
      "integrity": "sha1-vFWyY0eTxnnsZAMJTrE2mKbsCq4=",
      "requires": {
        "graceful-fs": "^4.1.6",
        "universalify": "^2.0.0"
      }
    },
    "make-error": {
      "version": "1.3.6",
      "resolved": "https://registry.npm.taobao.org/make-error/download/make-error-1.3.6.tgz",
      "integrity": "sha1-LrLjfqm2fEiR9oShOUeZr0hM96I=",
      "dev": true
    },
    "micromatch": {
      "version": "4.0.2",
      "resolved": "https://registry.npm.taobao.org/micromatch/download/micromatch-4.0.2.tgz?cache=0&sync_timestamp=1618054740956&other_urls=https%3A%2F%2Fregistry.npm.taobao.org%2Fmicromatch%2Fdownload%2Fmicromatch-4.0.2.tgz",
      "integrity": "sha1-T8sJmb+fvC/L3SEvbWKbmlbDklk=",
      "requires": {
        "braces": "^3.0.1",
        "picomatch": "^2.0.5"
      }
    },
    "picomatch": {
      "version": "2.3.0",
      "resolved": "https://registry.nlark.com/picomatch/download/picomatch-2.3.0.tgz?cache=0&sync_timestamp=1621648246651&other_urls=https%3A%2F%2Fregistry.nlark.com%2Fpicomatch%2Fdownload%2Fpicomatch-2.3.0.tgz",
      "integrity": "sha1-8fBh3o9qS/AiiS4tEoI0+5gwKXI="
    },
    "printj": {
      "version": "1.1.2",
      "resolved": "https://registry.nlark.com/printj/download/printj-1.1.2.tgz",
      "integrity": "sha1-2Q3rKXWoufYA+zoclOP0xTx4oiI="
    },
    "source-map": {
      "version": "0.6.1",
      "resolved": "https://registry.npm.taobao.org/source-map/download/source-map-0.6.1.tgz",
      "integrity": "sha1-dHIq8y6WFOnCh6jQu95IteLxomM=",
      "dev": true
    },
    "source-map-support": {
      "version": "0.5.19",
      "resolved": "https://registry.npm.taobao.org/source-map-support/download/source-map-support-0.5.19.tgz",
      "integrity": "sha1-qYti+G3K9PZzmWSMCFKRq56P7WE=",
      "dev": true,
      "requires": {
        "buffer-from": "^1.0.0",
        "source-map": "^0.6.0"
      }
    },
    "ssf": {
      "version": "0.11.2",
      "resolved": "https://registry.npm.taobao.org/ssf/download/ssf-0.11.2.tgz",
      "integrity": "sha1-C5lpiyN1SNCI/EPN8rcMGnUSwGw=",
      "requires": {
        "frac": "~1.1.2"
      }
    },
    "to-regex-range": {
      "version": "5.0.1",
      "resolved": "https://registry.npm.taobao.org/to-regex-range/download/to-regex-range-5.0.1.tgz",
      "integrity": "sha1-FkjESq58jZiKMmAY7XL1tN0DkuQ=",
      "requires": {
        "is-number": "^7.0.0"
      }
    },
    "ts-node": {
      "version": "9.1.1",
      "resolved": "https://registry.nlark.com/ts-node/download/ts-node-9.1.1.tgz",
      "integrity": "sha1-UamkUKPpWUAb2l8ASnLVS5NtN20=",
      "dev": true,
      "requires": {
        "arg": "^4.1.0",
        "create-require": "^1.1.0",
        "diff": "^4.0.1",
        "make-error": "^1.1.1",
        "source-map-support": "^0.5.17",
        "yn": "3.1.1"
      }
    },
    "typescript": {
      "version": "4.2.3",
      "resolved": "https://registry.nlark.com/typescript/download/typescript-4.2.3.tgz",
      "integrity": "sha1-OQYtgBmRLUNyYpjwlJPVmASMHOM=",
      "dev": true
    },
    "universalify": {
      "version": "2.0.0",
      "resolved": "https://registry.npm.taobao.org/universalify/download/universalify-2.0.0.tgz?cache=0&sync_timestamp=1603179967633&other_urls=https%3A%2F%2Fregistry.npm.taobao.org%2Funiversalify%2Fdownload%2Funiversalify-2.0.0.tgz",
      "integrity": "sha1-daSYTv7cSwiXXFrrc/Uw0C3yVxc="
    },
    "wmf": {
      "version": "1.0.2",
      "resolved": "https://registry.nlark.com/wmf/download/wmf-1.0.2.tgz",
      "integrity": "sha1-fRnWIQcaCMK9xrfmiKnENSmMwto="
    },
    "word": {
      "version": "0.3.0",
      "resolved": "https://registry.nlark.com/word/download/word-0.3.0.tgz",
      "integrity": "sha1-hUIVfk+OhJ9KNjooiZLUdhLbmWE="
    },
    "xlsx": {
      "version": "0.16.9",
      "resolved": "https://registry.nlark.com/xlsx/download/xlsx-0.16.9.tgz?cache=0&sync_timestamp=1620933307768&other_urls=https%3A%2F%2Fregistry.nlark.com%2Fxlsx%2Fdownload%2Fxlsx-0.16.9.tgz",
      "integrity": "sha1-2s1btGvabdN0OUDJw9weIXGCYlY=",
      "requires": {
        "adler-32": "~1.2.0",
        "cfb": "^1.1.4",
        "codepage": "~1.14.0",
        "commander": "~2.17.1",
        "crc-32": "~1.2.0",
        "exit-on-epipe": "~1.0.1",
        "fflate": "^0.3.8",
        "ssf": "~0.11.2",
        "wmf": "~1.0.1",
        "word": "~0.3.0"
      }
    },
    "yn": {
      "version": "3.1.1",
      "resolved": "https://registry.npm.taobao.org/yn/download/yn-3.1.1.tgz",
      "integrity": "sha1-HodAGgnXZ8HV6rJqbkwYUYLS61A=",
      "dev": true
    }
  }
}
