{
  "name": "egf-ccc3-full",
  "version": "1.2.2",
  "lockfileVersion": 2,
  "requires": true,
  "packages": {
    "": {
      "version": "3.1.0",
      "dependencies": {
        "@ailhc/broadcast": "^1.1.7",
        "@ailhc/display-ctrl": "^1.1.7",
        "@ailhc/dpctrl-c3d": "^1.1.7",
        "fairygui-cc": "^1.0.1"
      }
    },
    "node_modules/@ailhc/broadcast": {
      "version": "1.1.7",
      "resolved": "https://registry.nlark.com/@ailhc/broadcast/download/@ailhc/broadcast-1.1.7.tgz",
      "integrity": "sha1-kFcFyWbxDy3qe625qiFx9ihnX9g="
    },
    "node_modules/@ailhc/display-ctrl": {
      "version": "1.1.7",
      "resolved": "https://registry.nlark.com/@ailhc/display-ctrl/download/@ailhc/display-ctrl-1.1.7.tgz",
      "integrity": "sha1-2IdOBX5z2V/Gntks99Tlo7XoWns="
    },
    "node_modules/@ailhc/dpctrl-c3d": {
      "version": "1.1.7",
      "resolved": "https://registry.nlark.com/@ailhc/dpctrl-c3d/download/@ailhc/dpctrl-c3d-1.1.7.tgz",
      "integrity": "sha1-QsnghEvQl5Q5oJT5cbkJ0NK5TKQ=",
      "dependencies": {
        "@ailhc/display-ctrl": "^1.1.7",
        "@ailhc/layer": "^0.1.7"
      }
    },
    "node_modules/@ailhc/layer": {
      "version": "0.1.7",
      "resolved": "https://registry.nlark.com/@ailhc/layer/download/@ailhc/layer-0.1.7.tgz",
      "integrity": "sha1-RWnLfLNc4X1vrWhCg9wQqBHOym0="
    },
    "node_modules/@types/node": {
      "version": "14.17.1",
      "resolved": "https://registry.nlark.com/@types/node/download/@types/node-14.17.1.tgz?cache=0&sync_timestamp=1621901244878&other_urls=https%3A%2F%2Fregistry.nlark.com%2F%40types%2Fnode%2Fdownload%2F%40types%2Fnode-14.17.1.tgz",
      "integrity": "sha1-Xgfgyy/3k6p6G0HernYiHmFmBJ8="
    },
    "node_modules/fairygui-cc": {
      "version": "1.0.1",
      "resolved": "https://registry.nlark.com/fairygui-cc/download/fairygui-cc-1.0.1.tgz",
      "integrity": "sha1-XfqzPKf+KvB8QBl1G1SbSO2l2HA=",
      "dependencies": {
        "@types/node": "^14.0.1",
        "lodash": "^4.17.15"
      }
    },
    "node_modules/lodash": {
      "version": "4.17.21",
      "resolved": "https://registry.nlark.com/lodash/download/lodash-4.17.21.tgz",
      "integrity": "sha1-Z5WRxWTDv/quhFTPCz3zcMPWkRw="
    }
  },
  "dependencies": {
    "@ailhc/broadcast": {
      "version": "1.1.7",
      "resolved": "https://registry.nlark.com/@ailhc/broadcast/download/@ailhc/broadcast-1.1.7.tgz",
      "integrity": "sha1-kFcFyWbxDy3qe625qiFx9ihnX9g="
    },
    "@ailhc/display-ctrl": {
      "version": "1.1.7",
      "resolved": "https://registry.nlark.com/@ailhc/display-ctrl/download/@ailhc/display-ctrl-1.1.7.tgz",
      "integrity": "sha1-2IdOBX5z2V/Gntks99Tlo7XoWns="
    },
    "@ailhc/dpctrl-c3d": {
      "version": "1.1.7",
      "resolved": "https://registry.nlark.com/@ailhc/dpctrl-c3d/download/@ailhc/dpctrl-c3d-1.1.7.tgz",
      "integrity": "sha1-QsnghEvQl5Q5oJT5cbkJ0NK5TKQ=",
      "requires": {
        "@ailhc/display-ctrl": "^1.1.7",
        "@ailhc/layer": "^0.1.7"
      }
    },
    "@ailhc/layer": {
      "version": "0.1.7",
      "resolved": "https://registry.nlark.com/@ailhc/layer/download/@ailhc/layer-0.1.7.tgz",
      "integrity": "sha1-RWnLfLNc4X1vrWhCg9wQqBHOym0="
    },
    "@types/node": {
      "version": "14.17.1",
      "resolved": "https://registry.nlark.com/@types/node/download/@types/node-14.17.1.tgz?cache=0&sync_timestamp=1621901244878&other_urls=https%3A%2F%2Fregistry.nlark.com%2F%40types%2Fnode%2Fdownload%2F%40types%2Fnode-14.17.1.tgz",
      "integrity": "sha1-Xgfgyy/3k6p6G0HernYiHmFmBJ8="
    },
    "fairygui-cc": {
      "version": "1.0.1",
      "resolved": "https://registry.nlark.com/fairygui-cc/download/fairygui-cc-1.0.1.tgz",
      "integrity": "sha1-XfqzPKf+KvB8QBl1G1SbSO2l2HA=",
      "requires": {
        "@types/node": "^14.0.1",
        "lodash": "^4.17.15"
      }
    },
    "lodash": {
      "version": "4.17.21",
      "resolved": "https://registry.nlark.com/lodash/download/lodash-4.17.21.tgz",
      "integrity": "sha1-Z5WRxWTDv/quhFTPCz3zcMPWkRw="
    }
  }
}
